{"plugins":{"phpunit":{"api-version":"1.0.0","version":"1.0.0","type":"php-file","url":"/home/netzmacht/Daten/Projekte/Entwicklung/vcs/phpcq/repository/web/./phpunit-1.0.0.php","requirements":{"tool":{"phpunit":"^6.0 || ^7.0 || ^8.0 || ^9.0"}},"checksum":{"type":"sha-512","value":"e83d003d1e2ee60bc702300b1f0c115c60ff2369d3fe8c884cb173b7a74e1f7190352f5db559a412a0419ad064a7bf52d1aa3efc05d2527674bf475c50c511f3"},"tools":{"phpunit":{"version":"9.3.9","url":"https://phar.phpunit.de/phpunit-9.3.9.phar","requirements":{},"checksum":{"type":"sha-256","value":"058814b5f360cf02f418a1b5e1c42cca19443add6c82b3351053b05b2f1679a4"},"signature":"https://phar.phpunit.de/phpunit-9.3.9.phar.asc"}},"signature":null},"psalm":{"api-version":"1.0.0","version":"1.0.0","type":"php-file","url":"/home/netzmacht/Daten/Projekte/Entwicklung/vcs/phpcq/repository/web/./psalm-1.0.0.php","requirements":{"tool":{"psalm":"*"}},"checksum":{"type":"sha-512","value":"53c5a65e3c6c42228cbb9ed9691b50e9d798d038b957fc01f73a5f929e95fb30a2459d22b74d2c8bca73c21a0a09870cf5ea1656dfafc1e12e7b7a7b5d98ca85"},"tools":{"psalm":{"version":"3.9.5","url":"https://github.com/vimeo/psalm/releases/download/3.9.5/psalm.phar","requirements":{},"checksum":null,"signature":"https://github.com/vimeo/psalm/releases/download/3.9.5/psalm.phar.asc"}},"signature":null}},"tools":[]}