{"plugins":{"phpunit":{"api-version":"1.0.0","version":"1.0.0","type":"php-file","requirements":{"tool":{"phpunit":"^6.0 || ^7.0 || ^8.0 || ^9.0"}},"checksum":{"type":"sha-512","value":"e83d003d1e2ee60bc702300b1f0c115c60ff2369d3fe8c884cb173b7a74e1f7190352f5db559a412a0419ad064a7bf52d1aa3efc05d2527674bf475c50c511f3"},"tools":{"phpunit":{"version":"9.3.10","url":"https://phar.phpunit.de/phpunit-9.3.10.phar","requirements":{},"checksum":{"type":"sha-256","value":"2bee12503ecc4b06d24f18b045b12b06c3799bf7684de9b5e5231dae464ca9c9"},"signature":"https://phar.phpunit.de/phpunit-9.3.10.phar.asc"}},"url":"/home/netzmacht/Daten/Projekte/Entwicklung/vcs/phpcq/repository/web/./phpunit-1.0.0.php","signature":null},"psalm":{"api-version":"1.0.0","version":"1.0.0","type":"php-file","requirements":{"tool":{"psalm":"*"}},"checksum":{"type":"sha-512","value":"53c5a65e3c6c42228cbb9ed9691b50e9d798d038b957fc01f73a5f929e95fb30a2459d22b74d2c8bca73c21a0a09870cf5ea1656dfafc1e12e7b7a7b5d98ca85"},"tools":{"psalm":{"version":"3.16","url":"https://github.com/vimeo/psalm/releases/download/3.16/psalm.phar","requirements":{},"checksum":null,"signature":"https://github.com/vimeo/psalm/releases/download/3.16/psalm.phar.asc"}},"url":"/home/netzmacht/Daten/Projekte/Entwicklung/vcs/phpcq/repository/web/./psalm-1.0.0.php","signature":null},"composer-require-checker":{"api-version":"1.0.0","version":"1.0.0","type":"php-file","requirements":{"tool":{"composer-require-checker":"*"}},"checksum":{"type":"sha-512","value":"d61b1fc201938eaa7850412a6bafef552d0c13b2e76ffa5683259a97e4c6e3d90480c918ab039a4f1882020244b7d6c71ab19ebf4f50787e64cca9b9391b7cc6"},"tools":{"composer-require-checker":{"version":"2.1.0","url":"https://github.com/maglnet/ComposerRequireChecker/releases/download/2.1.0/composer-require-checker.phar","requirements":{},"checksum":null,"signature":"https://github.com/maglnet/ComposerRequireChecker/releases/download/2.1.0/composer-require-checker.phar.asc"}},"url":"/home/netzmacht/Daten/Projekte/Entwicklung/vcs/phpcq/repository/web/./composer-require-checker-1.0.0.php","signature":null},"phpmd":{"api-version":"1.0.0","version":"1.0.0","type":"php-file","requirements":{"tool":{"phpmd":"^2.6.1"}},"checksum":{"type":"sha-512","value":"d824fc5b8f89eed85c620ae0faba61461095e51cc6945d71df1ab9a8c2502ca5b1c13793dc183143bea218cd617940baa2d337bd7f1c1069fbb249d2afa5e005"},"tools":{"phpmd":{"version":"2.9.0","url":"https://github.com/phpmd/phpmd/releases/download/2.9.0/phpmd.phar","requirements":{},"checksum":null,"signature":null}},"url":"/home/netzmacht/Daten/Projekte/Entwicklung/vcs/phpcq/repository/web/./phpmd-1.0.0.php","signature":null},"phpcpd":{"api-version":"1.0.0","version":"1.0.0","type":"php-file","requirements":{"tool":{"phpcpd":"^3.0 || ^4.0 || ^5.0"}},"checksum":{"type":"sha-512","value":"c2c4d357d073526ac7a669189639e7a6903e2c53f1489beb2ecb1cacd089a3ee7f05fe5b11ad6a0a071dc07774226b56912eb080a8d6986b209036d4b58b4a00"},"tools":{"phpcpd":{"version":"5.0.2","url":"https://phar.phpunit.de/phpcpd-5.0.2.phar","requirements":{},"checksum":{"type":"sha-256","value":"12e94af9928be2f33fd394d2cc5d96b3925de24d614381d06b3096cc9eeabbcb"},"signature":"https://phar.phpunit.de/phpcpd-5.0.2.phar.asc"}},"url":"/home/netzmacht/Daten/Projekte/Entwicklung/vcs/phpcq/repository/web/./phpcpd-1.0.0.php","signature":null},"phploc":{"api-version":"1.0.0","version":"1.0.0","type":"php-file","requirements":{"tool":{"phploc":"^3.0 || ^4.0 || ^5.0 || ^6.0"}},"checksum":{"type":"sha-512","value":"b577edd5937d02808d8033d0dd3199bcbfc350b701cf482c1c8906c241930a8349db32269fb902b8897846580d8b0777bdc8dd2edc572997731807a6199614ef"},"tools":{"phploc":{"version":"6.0.2","url":"https://phar.phpunit.de/phploc-6.0.2.phar","requirements":{},"checksum":{"type":"sha-256","value":"1ccb826b0a55b9d77b17656ad72f9c90877737a4a4be3f1517dda73524bfb16e"},"signature":"https://phar.phpunit.de/phploc-6.0.2.phar.asc"}},"url":"/home/netzmacht/Daten/Projekte/Entwicklung/vcs/phpcq/repository/web/./phploc-1.0.0.php","signature":null},"phpcs":{"api-version":"1.0.0","version":"1.0.0","type":"php-file","requirements":{"tool":{"phpcs":"^3.0 || ^2.0"}},"checksum":{"type":"sha-512","value":"2ecb5aaafbc375b4a1cd294cbee96be6a95921cbf7a97585f22e0fe04b23579311b95d2a4a9fba48fba48c0da59aecbf229860028aab00f42c750ffc95de490d"},"tools":{"phpcs":{"version":"3.5.6","url":"https://github.com/squizlabs/PHP_CodeSniffer/releases/download/3.5.6/phpcs.phar","requirements":{},"checksum":null,"signature":"https://github.com/squizlabs/PHP_CodeSniffer/releases/download/3.5.6/phpcs.phar.asc"}},"url":"/home/netzmacht/Daten/Projekte/Entwicklung/vcs/phpcq/repository/web/./phpcs-1.0.0.php","signature":null},"phpcbf":{"api-version":"1.0.0","version":"1.0.0","type":"php-file","requirements":{"tool":{"phpcbf":"^3.0 || ^2.0"}},"checksum":{"type":"sha-512","value":"13dc70e64f48409a145bf7ca2b3bb47414afadca416b050f05e2e4b9898fd417f99507acd519f6e9501fc89d1e5946037ad9ec5ab83e7c697110f14a2bbba986"},"tools":{"phpcbf":{"version":"3.5.6","url":"https://github.com/squizlabs/PHP_CodeSniffer/releases/download/3.5.6/phpcbf.phar","requirements":{},"checksum":null,"signature":"https://github.com/squizlabs/PHP_CodeSniffer/releases/download/3.5.6/phpcbf.phar.asc"}},"url":"/home/netzmacht/Daten/Projekte/Entwicklung/vcs/phpcq/repository/web/./phpcbf-1.0.0.php","signature":null},"composer-normalize":{"api-version":"1.0.0","version":"1.0.0","type":"php-file","requirements":{"tool":{"composer-normalize":"^2.1"}},"checksum":{"type":"sha-512","value":"7669a69d79ce16dd48849969c8535a718fdcfd78ce90c53453796a6b7d7492c741bdc58d7006747430f2ba2037e287d8729bdafb0d5001b50c64bb97f017392e"},"tools":{"composer-normalize":{"version":"2.8.2","url":"https://github.com/ergebnis/composer-normalize/releases/download/2.8.2/composer-normalize.phar","requirements":{},"checksum":null,"signature":"https://github.com/ergebnis/composer-normalize/releases/download/2.8.2/composer-normalize.phar.asc"}},"url":"/home/netzmacht/Daten/Projekte/Entwicklung/vcs/phpcq/repository/web/./composer-normalize-1.0.0.php","signature":null}},"tools":[]}
