{"plugins":{"phpunit":{"api-version":"1.0.0","version":"1.0.0","type":"php-file","url":"https://phpcq.github.io/repository/phpunit-1.0.0.php","signature":null,"requirements":{"tool":{"phpunit":"^6.0 || ^7.0 || ^8.0 || ^9.0"}},"checksum":{"type":"sha-512","value":"535f8a5d3841c486361a03d80ada1ceb363ddd63d2afccb8038cc56a34419b732222db7cd38b23fe0801dab38f8549006eea73c9fd849e0482aa0ba5ab28bc46"},"tools":{"phpunit":{"version":"9.3.11","url":"https://phar.phpunit.de/phpunit-9.3.11.phar","requirements":{"php":{"php":">=7.3","ext-dom":"*","ext-json":"*","ext-libxml":"*","ext-mbstring":"*","ext-xml":"*","ext-xmlwriter":"*"}},"checksum":{"type":"sha-256","value":"a5830d82ef5c76eda7a514fd58ce4abdba976d7d56ea80b2411fd6f8c5aa2d79"},"signature":"https://phar.phpunit.de/phpunit-9.3.11.phar.asc"}}},"psalm":{"api-version":"1.0.0","version":"1.0.0","type":"php-file","url":"https://phpcq.github.io/repository/psalm-1.0.0.php","signature":null,"requirements":{"tool":{"psalm":"*"}},"checksum":{"type":"sha-512","value":"c3acf6bfe781b2bd89a13f48f1e230d332e3fa09687f9328bdcdd3ac3ab26f3f52956a8b2483e0fe2ccfc2c4dfee20770a2dda3738ab13d127bef5f34f049130"},"tools":{"psalm":{"version":"3.16","url":"https://github.com/vimeo/psalm/releases/download/3.16/psalm.phar","requirements":{"php":{"php":"^7.1.3|^8","ext-SimpleXML":"*","ext-dom":"*","ext-json":"*","ext-libxml":"*","ext-tokenizer":"*","ext-mbstring":"*"}},"checksum":null,"signature":"https://github.com/vimeo/psalm/releases/download/3.16/psalm.phar.asc"}}},"composer-require-checker":{"api-version":"1.0.0","version":"1.0.0","type":"php-file","url":"https://phpcq.github.io/repository/composer-require-checker-1.0.0.php","signature":null,"requirements":{"tool":{"composer-require-checker":"*"}},"checksum":{"type":"sha-512","value":"39507e83aee0cad92c00dcb4c755bd39c1a9157bbd919e2092aaf81b02bc5a84693335d8f3a73427e66c08c12ff81e35ed4be2d05ff33f2d368229c220a1307a"},"tools":{"composer-require-checker":{"version":"2.1.0","url":"https://github.com/maglnet/ComposerRequireChecker/releases/download/2.1.0/composer-require-checker.phar","requirements":{"php":{"php":"^7.2","ext-json":"*","ext-phar":"*"}},"checksum":null,"signature":"https://github.com/maglnet/ComposerRequireChecker/releases/download/2.1.0/composer-require-checker.phar.asc"}}},"phpmd":{"api-version":"1.0.0","version":"1.0.0","type":"php-file","url":"https://phpcq.github.io/repository/phpmd-1.0.0.php","signature":null,"requirements":{"tool":{"phpmd":"^2.6.1"}},"checksum":{"type":"sha-512","value":"7df965e311566328e0b24df0e053ba1a98c0788ca8867648f80546998a3786f413eefc9acbe6ee0b49335917889012fdd89d5205744f643ba1f691f7602eb0a8"},"tools":{"phpmd":{"version":"2.9.1","url":"https://github.com/phpmd/phpmd/releases/download/2.9.1/phpmd.phar","requirements":{"php":{"php":">=5.3.9","ext-xml":"*"}},"checksum":null,"signature":null}}},"phpcpd":{"api-version":"1.0.0","version":"1.0.0","type":"php-file","url":"https://phpcq.github.io/repository/phpcpd-1.0.0.php","signature":null,"requirements":{"tool":{"phpcpd":"^3.0 || ^4.0 || ^5.0"}},"checksum":{"type":"sha-512","value":"432a1e363565fbe1536f12ec3c4606e383f33a2766739a8166cda489f7c8f9e05b09ae5d51d92ba71a4be49d1df6327f129e4bd9427cbac8a85d51470f8e241d"},"tools":{"phpcpd":{"version":"5.0.2","url":"https://phar.phpunit.de/phpcpd-5.0.2.phar","requirements":{"php":{"php":"^7.3","ext-dom":"*"}},"checksum":{"type":"sha-256","value":"12e94af9928be2f33fd394d2cc5d96b3925de24d614381d06b3096cc9eeabbcb"},"signature":"https://phar.phpunit.de/phpcpd-5.0.2.phar.asc"}}},"phploc":{"api-version":"1.0.0","version":"1.0.0","type":"php-file","url":"https://phpcq.github.io/repository/phploc-1.0.0.php","signature":null,"requirements":{"tool":{"phploc":"^3.0 || ^4.0 || ^5.0 || ^6.0"}},"checksum":{"type":"sha-512","value":"542ca9f82db7e4a499132d48c07fcb09a2915983a652d593cdedc883bb33223eef655dbfaaaa4ad89b34f3ca93ba48f5acbd223d9cb0fc8e937995b98b012760"},"tools":{"phploc":{"version":"6.0.2","url":"https://phar.phpunit.de/phploc-6.0.2.phar","requirements":{"php":{"php":"^7.3","ext-dom":"*","ext-json":"*"}},"checksum":{"type":"sha-256","value":"1ccb826b0a55b9d77b17656ad72f9c90877737a4a4be3f1517dda73524bfb16e"},"signature":"https://phar.phpunit.de/phploc-6.0.2.phar.asc"}}},"phpcs":{"api-version":"1.0.0","version":"1.0.0","type":"php-file","url":"https://phpcq.github.io/repository/phpcs-1.0.0.php","signature":null,"requirements":{"tool":{"phpcs":"^3.0 || ^2.0"}},"checksum":{"type":"sha-512","value":"945d1d9011af74deaaf0cbddbb1c2d05c190ad9ca076213be0f5409f4b47bb5c90fdaa54f6d222e83570612c5d02f3f40a0b6c32b460d37b70b44136ea3ab1b9"},"tools":{"phpcs":{"version":"3.5.6","url":"https://github.com/squizlabs/PHP_CodeSniffer/releases/download/3.5.6/phpcs.phar","requirements":{"php":{"php":">=5.4.0","ext-tokenizer":"*","ext-xmlwriter":"*","ext-simplexml":"*"}},"checksum":null,"signature":"https://github.com/squizlabs/PHP_CodeSniffer/releases/download/3.5.6/phpcs.phar.asc"}}},"phpcbf":{"api-version":"1.0.0","version":"1.0.0","type":"php-file","url":"https://phpcq.github.io/repository/phpcbf-1.0.0.php","signature":null,"requirements":{"tool":{"phpcbf":"^3.0 || ^2.0"}},"checksum":{"type":"sha-512","value":"2ae85756d11d97f1899636dc6b81e6fc2550889eadaa09383c1190ae7056433431843d14cf203be12fa6a642f8c42c5538680a6190c2065d3a254090a449c42c"},"tools":{"phpcbf":{"version":"3.5.6","url":"https://github.com/squizlabs/PHP_CodeSniffer/releases/download/3.5.6/phpcbf.phar","requirements":{"php":{"php":">=5.4.0","ext-tokenizer":"*","ext-xmlwriter":"*","ext-simplexml":"*"}},"checksum":null,"signature":"https://github.com/squizlabs/PHP_CodeSniffer/releases/download/3.5.6/phpcbf.phar.asc"}}},"composer-normalize":{"api-version":"1.0.0","version":"1.0.0","type":"php-file","url":"https://phpcq.github.io/repository/composer-normalize-1.0.0.php","signature":null,"requirements":{"tool":{"composer-normalize":"^2.1"}},"checksum":{"type":"sha-512","value":"0a84b8656028b285000fa75d1f0e19a5efb156a9a738f4d41a738edb093ea8b5c392875b1167b8dbe4f644de09d6b2dfe1c39ca98f9f741dbcef2127a6f5e448"},"tools":{"composer-normalize":{"version":"2.8.2","url":"https://github.com/ergebnis/composer-normalize/releases/download/2.8.2/composer-normalize.phar","requirements":{"php":{"php":"^7.2 || ^8.0"}},"checksum":null,"signature":"https://github.com/ergebnis/composer-normalize/releases/download/2.8.2/composer-normalize.phar.asc"}}}},"tools":[]}